
Microsoft Visual Studio Solution File, Format Version 12.00
# Visual Studio Version 16
VisualStudioVersion = 16.0.28729.10
MinimumVisualStudioVersion = 10.0.40219.1
Project("{FAE04EC0-301F-11D3-BF4B-00C04F79EFBC}") = "PruebaOrganizacion", "PruebaOrganizacion\PruebaOrganizacion.csproj", "{F910B720-F923-48B0-927F-8A68DD741F0B}"
EndProject
Global
	GlobalSection(SolutionConfigurationPlatforms) = preSolution
		Debug|Any CPU = Debug|Any CPU
		Release|Any CPU = Release|Any CPU
	EndGlobalSection
	GlobalSection(ProjectConfigurationPlatforms) = postSolution
		{F910B720-F923-48B0-927F-8A68DD741F0B}.Debug|Any CPU.ActiveCfg = Debug|Any CPU
		{F910B720-F923-48B0-927F-8A68DD741F0B}.Debug|Any CPU.Build.0 = Debug|Any CPU
		{F910B720-F923-48B0-927F-8A68DD741F0B}.Release|Any CPU.ActiveCfg = Release|Any CPU
		{F910B720-F923-48B0-927F-8A68DD741F0B}.Release|Any CPU.Build.0 = Release|Any CPU
	EndGlobalSection
	GlobalSection(SolutionProperties) = preSolution
		HideSolutionNode = FALSE
	EndGlobalSection
	GlobalSection(ExtensibilityGlobals) = postSolution
		SolutionGuid = {2BE7152F-DC7A-4A06-A79A-BC7AEEFDE64C}
	EndGlobalSection
EndGlobal
